
Microsoft Visual Studio Solution File, Format Version 12.00
# Visual Studio Version 17
VisualStudioVersion = 17.4.33103.184
MinimumVisualStudioVersion = 10.0.40219.1
Project("{FAE04EC0-301F-11D3-BF4B-00C04F79EFBC}") = "LaptopSetup", "LaptopSetup.csproj", "{CE78C9DB-ECA7-4BB4-90D3-80150224CC04}"
EndProject
Global
	GlobalSection(SolutionConfigurationPlatforms) = preSolution
		Debug|Any CPU = Debug|Any CPU
		Release|Any CPU = Release|Any CPU
	EndGlobalSection
	GlobalSection(ProjectConfigurationPlatforms) = postSolution
		{CE78C9DB-ECA7-4BB4-90D3-80150224CC04}.Debug|Any CPU.ActiveCfg = Debug|Any CPU
		{CE78C9DB-ECA7-4BB4-90D3-80150224CC04}.Debug|Any CPU.Build.0 = Debug|Any CPU
		{CE78C9DB-ECA7-4BB4-90D3-80150224CC04}.Release|Any CPU.ActiveCfg = Release|Any CPU
		{CE78C9DB-ECA7-4BB4-90D3-80150224CC04}.Release|Any CPU.Build.0 = Release|Any CPU
	EndGlobalSection
	GlobalSection(SolutionProperties) = preSolution
		HideSolutionNode = FALSE
	EndGlobalSection
	GlobalSection(ExtensibilityGlobals) = postSolution
		SolutionGuid = {E7B54B07-8BAC-4991-BB37-EBFB1A7E5CC7}
	EndGlobalSection
EndGlobal
